
Microsoft Visual Studio Solution File, Format Version 12.00
# Visual Studio Version 16
VisualStudioVersion = 16.0.29613.14
MinimumVisualStudioVersion = 10.0.40219.1
Project("{FAE04EC0-301F-11D3-BF4B-00C04F79EFBC}") = "ProPublica", "ProPublica\ProPublica.csproj", "{EEABB179-7B89-4052-B2DC-ACD7E66789EA}"
EndProject
Global
	GlobalSection(SolutionConfigurationPlatforms) = preSolution
		Debug|Any CPU = Debug|Any CPU
		Release|Any CPU = Release|Any CPU
	EndGlobalSection
	GlobalSection(ProjectConfigurationPlatforms) = postSolution
		{EEABB179-7B89-4052-B2DC-ACD7E66789EA}.Debug|Any CPU.ActiveCfg = Debug|Any CPU
		{EEABB179-7B89-4052-B2DC-ACD7E66789EA}.Debug|Any CPU.Build.0 = Debug|Any CPU
		{EEABB179-7B89-4052-B2DC-ACD7E66789EA}.Release|Any CPU.ActiveCfg = Release|Any CPU
		{EEABB179-7B89-4052-B2DC-ACD7E66789EA}.Release|Any CPU.Build.0 = Release|Any CPU
	EndGlobalSection
	GlobalSection(SolutionProperties) = preSolution
		HideSolutionNode = FALSE
	EndGlobalSection
	GlobalSection(ExtensibilityGlobals) = postSolution
		SolutionGuid = {74AEB6BB-A221-406C-857E-48DC8ED65DB9}
	EndGlobalSection
EndGlobal
